
Microsoft Visual Studio Solution File, Format Version 12.00
# Visual Studio Version 17
VisualStudioVersion = 17.2.32526.322
MinimumVisualStudioVersion = 10.0.40219.1
Project("{FAE04EC0-301F-11D3-BF4B-00C04F79EFBC}") = "01_BitMatrix_ToString", "01_BitMatrix_ToString\01_BitMatrix_ToString.csproj", "{02AB506E-24A2-42B5-85B1-EFD848900E82}"
EndProject
Global
	GlobalSection(SolutionConfigurationPlatforms) = preSolution
		Debug|Any CPU = Debug|Any CPU
		Release|Any CPU = Release|Any CPU
	EndGlobalSection
	GlobalSection(ProjectConfigurationPlatforms) = postSolution
		{02AB506E-24A2-42B5-85B1-EFD848900E82}.Debug|Any CPU.ActiveCfg = Debug|Any CPU
		{02AB506E-24A2-42B5-85B1-EFD848900E82}.Debug|Any CPU.Build.0 = Debug|Any CPU
		{02AB506E-24A2-42B5-85B1-EFD848900E82}.Release|Any CPU.ActiveCfg = Release|Any CPU
		{02AB506E-24A2-42B5-85B1-EFD848900E82}.Release|Any CPU.Build.0 = Release|Any CPU
	EndGlobalSection
	GlobalSection(SolutionProperties) = preSolution
		HideSolutionNode = FALSE
	EndGlobalSection
	GlobalSection(ExtensibilityGlobals) = postSolution
		SolutionGuid = {09E5719E-9162-4099-A6DD-EA1D4817CF3B}
	EndGlobalSection
EndGlobal
