
Microsoft Visual Studio Solution File, Format Version 12.00
# Visual Studio Version 17
VisualStudioVersion = 17.2.32526.322
MinimumVisualStudioVersion = 10.0.40219.1
Project("{FAE04EC0-301F-11D3-BF4B-00C04F79EFBC}") = "06_BitMatrix_Parse", "06_BitMatrix_Parse\06_BitMatrix_Parse.csproj", "{4DE5B2B6-ED64-43A4-8B03-D57F8D0D9E10}"
EndProject
Global
	GlobalSection(SolutionConfigurationPlatforms) = preSolution
		Debug|Any CPU = Debug|Any CPU
		Release|Any CPU = Release|Any CPU
	EndGlobalSection
	GlobalSection(ProjectConfigurationPlatforms) = postSolution
		{4DE5B2B6-ED64-43A4-8B03-D57F8D0D9E10}.Debug|Any CPU.ActiveCfg = Debug|Any CPU
		{4DE5B2B6-ED64-43A4-8B03-D57F8D0D9E10}.Debug|Any CPU.Build.0 = Debug|Any CPU
		{4DE5B2B6-ED64-43A4-8B03-D57F8D0D9E10}.Release|Any CPU.ActiveCfg = Release|Any CPU
		{4DE5B2B6-ED64-43A4-8B03-D57F8D0D9E10}.Release|Any CPU.Build.0 = Release|Any CPU
	EndGlobalSection
	GlobalSection(SolutionProperties) = preSolution
		HideSolutionNode = FALSE
	EndGlobalSection
	GlobalSection(ExtensibilityGlobals) = postSolution
		SolutionGuid = {FC18075C-9157-4E3C-ACDA-1345402E45C0}
	EndGlobalSection
EndGlobal
