
Microsoft Visual Studio Solution File, Format Version 12.00
# Visual Studio Version 17
VisualStudioVersion = 17.2.32526.322
MinimumVisualStudioVersion = 10.0.40219.1
Project("{FAE04EC0-301F-11D3-BF4B-00C04F79EFBC}") = "05_BitMatrix_ICloneable", "05_BitMatrix_ICloneable\05_BitMatrix_ICloneable.csproj", "{2FF9AB0F-F445-424A-A7C2-F995F3ED57C2}"
EndProject
Global
	GlobalSection(SolutionConfigurationPlatforms) = preSolution
		Debug|Any CPU = Debug|Any CPU
		Release|Any CPU = Release|Any CPU
	EndGlobalSection
	GlobalSection(ProjectConfigurationPlatforms) = postSolution
		{2FF9AB0F-F445-424A-A7C2-F995F3ED57C2}.Debug|Any CPU.ActiveCfg = Debug|Any CPU
		{2FF9AB0F-F445-424A-A7C2-F995F3ED57C2}.Debug|Any CPU.Build.0 = Debug|Any CPU
		{2FF9AB0F-F445-424A-A7C2-F995F3ED57C2}.Release|Any CPU.ActiveCfg = Release|Any CPU
		{2FF9AB0F-F445-424A-A7C2-F995F3ED57C2}.Release|Any CPU.Build.0 = Release|Any CPU
	EndGlobalSection
	GlobalSection(SolutionProperties) = preSolution
		HideSolutionNode = FALSE
	EndGlobalSection
	GlobalSection(ExtensibilityGlobals) = postSolution
		SolutionGuid = {CE18BC77-9607-4E21-8D64-70948855127D}
	EndGlobalSection
EndGlobal
