
Microsoft Visual Studio Solution File, Format Version 12.00
# Visual Studio Version 16
VisualStudioVersion = 16.0.30011.22
MinimumVisualStudioVersion = 10.0.40219.1
Project("{9A19103F-16F7-4668-BE54-9A1E7A4F7556}") = "Time_TimePeriod", "Time_TimePeriod\Time_TimePeriod.csproj", "{6064C75A-F6EB-4AE9-B769-822897F996A2}"
EndProject
Project("{FAE04EC0-301F-11D3-BF4B-00C04F79EFBC}") = "Time_UnitTest", "Time_UnitTest\Time_UnitTest.csproj", "{D8B84AF0-99DD-4B9E-BC64-25B964EC3A56}"
EndProject
Project("{FAE04EC0-301F-11D3-BF4B-00C04F79EFBC}") = "TimeLib", "TimeLib\TimeLib.csproj", "{D4BE9842-7AE5-41D8-88A4-82DD87A8C524}"
EndProject
Global
	GlobalSection(SolutionConfigurationPlatforms) = preSolution
		Debug|Any CPU = Debug|Any CPU
		Release|Any CPU = Release|Any CPU
	EndGlobalSection
	GlobalSection(ProjectConfigurationPlatforms) = postSolution
		{6064C75A-F6EB-4AE9-B769-822897F996A2}.Debug|Any CPU.ActiveCfg = Debug|Any CPU
		{6064C75A-F6EB-4AE9-B769-822897F996A2}.Debug|Any CPU.Build.0 = Debug|Any CPU
		{6064C75A-F6EB-4AE9-B769-822897F996A2}.Release|Any CPU.ActiveCfg = Release|Any CPU
		{6064C75A-F6EB-4AE9-B769-822897F996A2}.Release|Any CPU.Build.0 = Release|Any CPU
		{D8B84AF0-99DD-4B9E-BC64-25B964EC3A56}.Debug|Any CPU.ActiveCfg = Debug|Any CPU
		{D8B84AF0-99DD-4B9E-BC64-25B964EC3A56}.Debug|Any CPU.Build.0 = Debug|Any CPU
		{D8B84AF0-99DD-4B9E-BC64-25B964EC3A56}.Release|Any CPU.ActiveCfg = Release|Any CPU
		{D8B84AF0-99DD-4B9E-BC64-25B964EC3A56}.Release|Any CPU.Build.0 = Release|Any CPU
		{D4BE9842-7AE5-41D8-88A4-82DD87A8C524}.Debug|Any CPU.ActiveCfg = Debug|Any CPU
		{D4BE9842-7AE5-41D8-88A4-82DD87A8C524}.Debug|Any CPU.Build.0 = Debug|Any CPU
		{D4BE9842-7AE5-41D8-88A4-82DD87A8C524}.Release|Any CPU.ActiveCfg = Release|Any CPU
		{D4BE9842-7AE5-41D8-88A4-82DD87A8C524}.Release|Any CPU.Build.0 = Release|Any CPU
	EndGlobalSection
	GlobalSection(SolutionProperties) = preSolution
		HideSolutionNode = FALSE
	EndGlobalSection
	GlobalSection(ExtensibilityGlobals) = postSolution
		SolutionGuid = {AD4425B9-10D2-47F7-986D-CE2328877A4C}
	EndGlobalSection
EndGlobal
